
Microsoft Visual Studio Solution File, Format Version 12.00
# Visual Studio Version 16
VisualStudioVersion = 16.0.31112.23
MinimumVisualStudioVersion = 10.0.40219.1
Project("{9A19103F-16F7-4668-BE54-9A1E7A4F7556}") = "PERUSTARS", "PERUSTARS\PERUSTARS.csproj", "{B89A324E-E04C-4490-992E-08CAA2F1EE1C}"
EndProject
Project("{9A19103F-16F7-4668-BE54-9A1E7A4F7556}") = "PERUSTARS.Test", "PERUSTARS.Test\PERUSTARS.Test.csproj", "{3A443ABC-D82A-4CE9-B756-6D142ADBCEAB}"
EndProject
Global
	GlobalSection(SolutionConfigurationPlatforms) = preSolution
		Debug|Any CPU = Debug|Any CPU
		Release|Any CPU = Release|Any CPU
	EndGlobalSection
	GlobalSection(ProjectConfigurationPlatforms) = postSolution
		{B89A324E-E04C-4490-992E-08CAA2F1EE1C}.Debug|Any CPU.ActiveCfg = Debug|Any CPU
		{B89A324E-E04C-4490-992E-08CAA2F1EE1C}.Debug|Any CPU.Build.0 = Debug|Any CPU
		{B89A324E-E04C-4490-992E-08CAA2F1EE1C}.Release|Any CPU.ActiveCfg = Release|Any CPU
		{B89A324E-E04C-4490-992E-08CAA2F1EE1C}.Release|Any CPU.Build.0 = Release|Any CPU
		{3A443ABC-D82A-4CE9-B756-6D142ADBCEAB}.Debug|Any CPU.ActiveCfg = Debug|Any CPU
		{3A443ABC-D82A-4CE9-B756-6D142ADBCEAB}.Debug|Any CPU.Build.0 = Debug|Any CPU
		{3A443ABC-D82A-4CE9-B756-6D142ADBCEAB}.Release|Any CPU.ActiveCfg = Release|Any CPU
		{3A443ABC-D82A-4CE9-B756-6D142ADBCEAB}.Release|Any CPU.Build.0 = Release|Any CPU
	EndGlobalSection
	GlobalSection(SolutionProperties) = preSolution
		HideSolutionNode = FALSE
	EndGlobalSection
	GlobalSection(ExtensibilityGlobals) = postSolution
		SolutionGuid = {CBC0BBE6-73B9-4EB3-A1CA-685386C3064D}
	EndGlobalSection
EndGlobal
