
Microsoft Visual Studio Solution File, Format Version 12.00
# Visual Studio Version 16
VisualStudioVersion = 16.0.31112.23
MinimumVisualStudioVersion = 10.0.40219.1
Project("{FAE04EC0-301F-11D3-BF4B-00C04F79EFBC}") = "PERUSTARS", "PERUSTARS\PERUSTARS.csproj", "{B89A324E-E04C-4490-992E-08CAA2F1EE1C}"
EndProject
Global
	GlobalSection(SolutionConfigurationPlatforms) = preSolution
		Debug|Any CPU = Debug|Any CPU
		Release|Any CPU = Release|Any CPU
	EndGlobalSection
	GlobalSection(ProjectConfigurationPlatforms) = postSolution
		{B89A324E-E04C-4490-992E-08CAA2F1EE1C}.Debug|Any CPU.ActiveCfg = Debug|Any CPU
		{B89A324E-E04C-4490-992E-08CAA2F1EE1C}.Debug|Any CPU.Build.0 = Debug|Any CPU
		{B89A324E-E04C-4490-992E-08CAA2F1EE1C}.Release|Any CPU.ActiveCfg = Release|Any CPU
		{B89A324E-E04C-4490-992E-08CAA2F1EE1C}.Release|Any CPU.Build.0 = Release|Any CPU
	EndGlobalSection
	GlobalSection(SolutionProperties) = preSolution
		HideSolutionNode = FALSE
	EndGlobalSection
	GlobalSection(ExtensibilityGlobals) = postSolution
		SolutionGuid = {CBC0BBE6-73B9-4EB3-A1CA-685386C3064D}
	EndGlobalSection
EndGlobal
